
Microsoft Visual Studio Solution File, Format Version 12.00
# Visual Studio 15
VisualStudioVersion = 15.0.27130.2027
MinimumVisualStudioVersion = 10.0.40219.1
Project("{FAE04EC0-301F-11D3-BF4B-00C04F79EFBC}") = "Importer", "Importer.csproj", "{4D3F9E86-13DF-4C04-82FA-E28557343F05}"
EndProject
Project("{2150E333-8FDC-42A3-9474-1A3956D46DE8}") = "site", "site", "{4C3B9378-2B4A-44F8-AC9D-48D5E99137C1}"
EndProject
Project("{2150E333-8FDC-42A3-9474-1A3956D46DE8}") = "lobbyists", "lobbyists", "{19F43D46-3204-4C9E-952B-E93A03B64AB8}"
	ProjectSection(SolutionItems) = preProject
		..\site\lobbyists\budget.json = ..\site\lobbyists\budget.json
		..\site\lobbyists\index.html = ..\site\lobbyists\index.html
		..\site\lobbyists\css\layout.css = ..\site\lobbyists\css\layout.css
		..\site\lobbyists\js\lobbyists.js = ..\site\lobbyists\js\lobbyists.js
		..\site\lobbyists\lobbyists.json = ..\site\lobbyists\lobbyists.json
		..\site\lobbyists\css\style.css = ..\site\lobbyists\css\style.css
	EndProjectSection
EndProject
Global
	GlobalSection(SolutionConfigurationPlatforms) = preSolution
		Debug|Any CPU = Debug|Any CPU
		Release|Any CPU = Release|Any CPU
	EndGlobalSection
	GlobalSection(ProjectConfigurationPlatforms) = postSolution
		{4D3F9E86-13DF-4C04-82FA-E28557343F05}.Debug|Any CPU.ActiveCfg = Debug|Any CPU
		{4D3F9E86-13DF-4C04-82FA-E28557343F05}.Debug|Any CPU.Build.0 = Debug|Any CPU
		{4D3F9E86-13DF-4C04-82FA-E28557343F05}.Release|Any CPU.ActiveCfg = Release|Any CPU
		{4D3F9E86-13DF-4C04-82FA-E28557343F05}.Release|Any CPU.Build.0 = Release|Any CPU
	EndGlobalSection
	GlobalSection(SolutionProperties) = preSolution
		HideSolutionNode = FALSE
	EndGlobalSection
	GlobalSection(NestedProjects) = preSolution
		{19F43D46-3204-4C9E-952B-E93A03B64AB8} = {4C3B9378-2B4A-44F8-AC9D-48D5E99137C1}
	EndGlobalSection
	GlobalSection(ExtensibilityGlobals) = postSolution
		SolutionGuid = {C2832FD0-ADFA-4D5D-8FDA-C1BA747DD3CA}
	EndGlobalSection
EndGlobal
